
Microsoft Visual Studio Solution File, Format Version 12.00
# Visual Studio Version 16
VisualStudioVersion = 16.0.30523.141
MinimumVisualStudioVersion = 10.0.40219.1
Project("{9A19103F-16F7-4668-BE54-9A1E7A4F7556}") = "LifinAPI", "LifinAPI.csproj", "{6FAA428C-136E-411F-838F-BB841701A72F}"
EndProject
Project("{FAE04EC0-301F-11D3-BF4B-00C04F79EFBC}") = "LifinApi.tests", "LifinApi.tests\LifinApi.tests.csproj", "{B44CB9F7-6CEB-4701-81FF-5578EE5C055C}"
EndProject
Global
	GlobalSection(SolutionConfigurationPlatforms) = preSolution
		Debug|Any CPU = Debug|Any CPU
		Release|Any CPU = Release|Any CPU
	EndGlobalSection
	GlobalSection(ProjectConfigurationPlatforms) = postSolution
		{6FAA428C-136E-411F-838F-BB841701A72F}.Debug|Any CPU.ActiveCfg = Debug|Any CPU
		{6FAA428C-136E-411F-838F-BB841701A72F}.Debug|Any CPU.Build.0 = Debug|Any CPU
		{6FAA428C-136E-411F-838F-BB841701A72F}.Release|Any CPU.ActiveCfg = Release|Any CPU
		{6FAA428C-136E-411F-838F-BB841701A72F}.Release|Any CPU.Build.0 = Release|Any CPU
		{B44CB9F7-6CEB-4701-81FF-5578EE5C055C}.Debug|Any CPU.ActiveCfg = Debug|Any CPU
		{B44CB9F7-6CEB-4701-81FF-5578EE5C055C}.Debug|Any CPU.Build.0 = Debug|Any CPU
		{B44CB9F7-6CEB-4701-81FF-5578EE5C055C}.Release|Any CPU.ActiveCfg = Release|Any CPU
		{B44CB9F7-6CEB-4701-81FF-5578EE5C055C}.Release|Any CPU.Build.0 = Release|Any CPU
	EndGlobalSection
	GlobalSection(SolutionProperties) = preSolution
		HideSolutionNode = FALSE
	EndGlobalSection
	GlobalSection(ExtensibilityGlobals) = postSolution
		SolutionGuid = {267BD5C5-9B32-4902-9279-C171C5DD45D1}
	EndGlobalSection
EndGlobal
